{
  "originHash" : "5e4f4c13dd34f058914f92760adf6e374a94aa75d6453eaa46d9d34811833d7e",
  "pins" : [
    {
      "identity" : "swift-secp256k1",
      "kind" : "remoteSourceControl",
      "location" : "https://github.com/21-DOT-DEV/swift-secp256k1",
      "state" : {
        "revision" : "e70a10e036a55fffea31568f0af92d69b6d449cd",
        "version" : "0.23.2"
      }
    },
    {
      "identity" : "winnow",
      "kind" : "remoteSourceControl",
      "location" : "https://github.com/winnowwallet/winnow",
      "state" : {
        "revision" : "c676da11113937bff910a1e0856d4e924226d388"
      }
    }
  ],
  "version" : 3
}
