{
  "originHash" : "9a229a6a4ebb811d51bf78fceac394e4c68d590df76ef8da0134ce2a6d1352a0",
  "pins" : [
    {
      "identity" : "swift-secp256k1",
      "kind" : "remoteSourceControl",
      "location" : "https://github.com/21-DOT-DEV/swift-secp256k1",
      "state" : {
        "revision" : "e70a10e036a55fffea31568f0af92d69b6d449cd",
        "version" : "0.23.2"
      }
    },
    {
      "identity" : "winnow",
      "kind" : "remoteSourceControl",
      "location" : "https://github.com/posix4e/winnow",
      "state" : {
        "branch" : "feat/socks-proxy",
        "revision" : "f05b0f2e04306eb2c8998464a15a507612bc52d1"
      }
    }
  ],
  "version" : 3
}
