{
  "originHash" : "62c4ebe995839707afc3dc6a980c541839e87e325eaf5ef58ff9c9589788468c",
  "pins" : [
    {
      "identity" : "swift-secp256k1",
      "kind" : "remoteSourceControl",
      "location" : "https://github.com/21-DOT-DEV/swift-secp256k1",
      "state" : {
        "revision" : "e70a10e036a55fffea31568f0af92d69b6d449cd",
        "version" : "0.23.2"
      }
    },
    {
      "identity" : "winnow",
      "kind" : "remoteSourceControl",
      "location" : "https://github.com/winnowwallet/winnow",
      "state" : {
        "revision" : "096427c02cb078ad96c2d1692c9222e2b4a0a883"
      }
    }
  ],
  "version" : 3
}
